
Microsoft Visual Studio Solution File, Format Version 12.00
Project("{FAE04EC0-301F-11D3-BF4B-00C04F79EFBC}") = "Day01_SonarSweep", "Day01_SonarSweep\Day01_SonarSweep.csproj", "{5280A17A-F89F-4CE9-90D3-46CE4421C222}"
EndProject
Project("{FAE04EC0-301F-11D3-BF4B-00C04F79EFBC}") = "StringUtilities", "StringUtilities\StringUtilities.csproj", "{0E15BC41-9C93-401B-A9E8-2B0E5771C966}"
EndProject
Project("{FAE04EC0-301F-11D3-BF4B-00C04F79EFBC}") = "Day02_Dive", "Day02_Dive\Day02_Dive.csproj", "{915D327A-134E-4FC0-A6B0-F0AD48533676}"
EndProject
Project("{FAE04EC0-301F-11D3-BF4B-00C04F79EFBC}") = "Day03_BinaryDiagnostic", "Day03_BinaryDiagnostic\Day03_BinaryDiagnostic.csproj", "{1367F0AE-F7CC-48FD-AAE9-2F7B4ECF8F57}"
EndProject
Project("{FAE04EC0-301F-11D3-BF4B-00C04F79EFBC}") = "Day04_GiantSquid", "Day04_GiantSquid\Day04_GiantSquid.csproj", "{CD7F9C57-4541-406E-AD13-59A1C745A594}"
EndProject
Project("{FAE04EC0-301F-11D3-BF4B-00C04F79EFBC}") = "Day06_Lanternfish", "Day06_Lanternfish\Day06_Lanternfish.csproj", "{42E12E85-7F08-46C6-A36E-7EE8A7B8A09B}"
EndProject
Project("{FAE04EC0-301F-11D3-BF4B-00C04F79EFBC}") = "Day05_HydrothermalVenture", "Day05_HydrothermalVenture\Day05_HydrothermalVenture.csproj", "{ACF5F020-9454-4BE8-B963-40C4BD01C8B2}"
EndProject
Project("{FAE04EC0-301F-11D3-BF4B-00C04F79EFBC}") = "Day07_TreacheryofWhales", "Day07_TreacheryofWhales\Day07_TreacheryofWhales.csproj", "{ED367CA3-DD27-4890-B2B3-7CF555EE21B8}"
EndProject
Global
	GlobalSection(SolutionConfigurationPlatforms) = preSolution
		Debug|Any CPU = Debug|Any CPU
		Release|Any CPU = Release|Any CPU
	EndGlobalSection
	GlobalSection(ProjectConfigurationPlatforms) = postSolution
		{5280A17A-F89F-4CE9-90D3-46CE4421C222}.Debug|Any CPU.ActiveCfg = Debug|Any CPU
		{5280A17A-F89F-4CE9-90D3-46CE4421C222}.Debug|Any CPU.Build.0 = Debug|Any CPU
		{5280A17A-F89F-4CE9-90D3-46CE4421C222}.Release|Any CPU.ActiveCfg = Release|Any CPU
		{5280A17A-F89F-4CE9-90D3-46CE4421C222}.Release|Any CPU.Build.0 = Release|Any CPU
		{0E15BC41-9C93-401B-A9E8-2B0E5771C966}.Debug|Any CPU.ActiveCfg = Debug|Any CPU
		{0E15BC41-9C93-401B-A9E8-2B0E5771C966}.Debug|Any CPU.Build.0 = Debug|Any CPU
		{0E15BC41-9C93-401B-A9E8-2B0E5771C966}.Release|Any CPU.ActiveCfg = Release|Any CPU
		{0E15BC41-9C93-401B-A9E8-2B0E5771C966}.Release|Any CPU.Build.0 = Release|Any CPU
		{915D327A-134E-4FC0-A6B0-F0AD48533676}.Debug|Any CPU.ActiveCfg = Debug|Any CPU
		{915D327A-134E-4FC0-A6B0-F0AD48533676}.Debug|Any CPU.Build.0 = Debug|Any CPU
		{915D327A-134E-4FC0-A6B0-F0AD48533676}.Release|Any CPU.ActiveCfg = Release|Any CPU
		{915D327A-134E-4FC0-A6B0-F0AD48533676}.Release|Any CPU.Build.0 = Release|Any CPU
		{1367F0AE-F7CC-48FD-AAE9-2F7B4ECF8F57}.Debug|Any CPU.ActiveCfg = Debug|Any CPU
		{1367F0AE-F7CC-48FD-AAE9-2F7B4ECF8F57}.Debug|Any CPU.Build.0 = Debug|Any CPU
		{1367F0AE-F7CC-48FD-AAE9-2F7B4ECF8F57}.Release|Any CPU.ActiveCfg = Release|Any CPU
		{1367F0AE-F7CC-48FD-AAE9-2F7B4ECF8F57}.Release|Any CPU.Build.0 = Release|Any CPU
		{CD7F9C57-4541-406E-AD13-59A1C745A594}.Debug|Any CPU.ActiveCfg = Debug|Any CPU
		{CD7F9C57-4541-406E-AD13-59A1C745A594}.Debug|Any CPU.Build.0 = Debug|Any CPU
		{CD7F9C57-4541-406E-AD13-59A1C745A594}.Release|Any CPU.ActiveCfg = Release|Any CPU
		{CD7F9C57-4541-406E-AD13-59A1C745A594}.Release|Any CPU.Build.0 = Release|Any CPU
		{42E12E85-7F08-46C6-A36E-7EE8A7B8A09B}.Debug|Any CPU.ActiveCfg = Debug|Any CPU
		{42E12E85-7F08-46C6-A36E-7EE8A7B8A09B}.Debug|Any CPU.Build.0 = Debug|Any CPU
		{42E12E85-7F08-46C6-A36E-7EE8A7B8A09B}.Release|Any CPU.ActiveCfg = Release|Any CPU
		{42E12E85-7F08-46C6-A36E-7EE8A7B8A09B}.Release|Any CPU.Build.0 = Release|Any CPU
		{ACF5F020-9454-4BE8-B963-40C4BD01C8B2}.Debug|Any CPU.ActiveCfg = Debug|Any CPU
		{ACF5F020-9454-4BE8-B963-40C4BD01C8B2}.Debug|Any CPU.Build.0 = Debug|Any CPU
		{ACF5F020-9454-4BE8-B963-40C4BD01C8B2}.Release|Any CPU.ActiveCfg = Release|Any CPU
		{ACF5F020-9454-4BE8-B963-40C4BD01C8B2}.Release|Any CPU.Build.0 = Release|Any CPU
		{ED367CA3-DD27-4890-B2B3-7CF555EE21B8}.Debug|Any CPU.ActiveCfg = Debug|Any CPU
		{ED367CA3-DD27-4890-B2B3-7CF555EE21B8}.Debug|Any CPU.Build.0 = Debug|Any CPU
		{ED367CA3-DD27-4890-B2B3-7CF555EE21B8}.Release|Any CPU.ActiveCfg = Release|Any CPU
		{ED367CA3-DD27-4890-B2B3-7CF555EE21B8}.Release|Any CPU.Build.0 = Release|Any CPU
	EndGlobalSection
EndGlobal
